
Microsoft Visual Studio Solution File, Format Version 12.00
# Visual Studio 15
VisualStudioVersion = 15.0.26430.16
MinimumVisualStudioVersion = 10.0.40219.1
Project("{8BC9CEB8-8B4A-11D0-8D11-00A0C91BC942}") = "RollingWindowsTest", "RollingWindowsTest\RollingWindowsTest.vcxproj", "{FCD386C5-30F4-4BD9-84A8-18EB34295789}"
EndProject
Project("{8BC9CEB8-8B4A-11D0-8D11-00A0C91BC942}") = "RollingWindows", "RollingWindows\RollingWindows.vcxproj", "{0000ACA3-B449-45ED-8223-F2855F6CEF78}"
EndProject
Global
	GlobalSection(SolutionConfigurationPlatforms) = preSolution
		Debug|x64 = Debug|x64
		Debug|x86 = Debug|x86
		Release|x64 = Release|x64
		Release|x86 = Release|x86
	EndGlobalSection
	GlobalSection(ProjectConfigurationPlatforms) = postSolution
		{FCD386C5-30F4-4BD9-84A8-18EB34295789}.Debug|x64.ActiveCfg = Debug|x64
		{FCD386C5-30F4-4BD9-84A8-18EB34295789}.Debug|x64.Build.0 = Debug|x64
		{FCD386C5-30F4-4BD9-84A8-18EB34295789}.Debug|x86.ActiveCfg = Debug|Win32
		{FCD386C5-30F4-4BD9-84A8-18EB34295789}.Debug|x86.Build.0 = Debug|Win32
		{FCD386C5-30F4-4BD9-84A8-18EB34295789}.Release|x64.ActiveCfg = Release|x64
		{FCD386C5-30F4-4BD9-84A8-18EB34295789}.Release|x64.Build.0 = Release|x64
		{FCD386C5-30F4-4BD9-84A8-18EB34295789}.Release|x86.ActiveCfg = Release|Win32
		{FCD386C5-30F4-4BD9-84A8-18EB34295789}.Release|x86.Build.0 = Release|Win32
		{0000ACA3-B449-45ED-8223-F2855F6CEF78}.Debug|x64.ActiveCfg = Debug|x64
		{0000ACA3-B449-45ED-8223-F2855F6CEF78}.Debug|x64.Build.0 = Debug|x64
		{0000ACA3-B449-45ED-8223-F2855F6CEF78}.Debug|x86.ActiveCfg = Debug|Win32
		{0000ACA3-B449-45ED-8223-F2855F6CEF78}.Debug|x86.Build.0 = Debug|Win32
		{0000ACA3-B449-45ED-8223-F2855F6CEF78}.Release|x64.ActiveCfg = Release|x64
		{0000ACA3-B449-45ED-8223-F2855F6CEF78}.Release|x64.Build.0 = Release|x64
		{0000ACA3-B449-45ED-8223-F2855F6CEF78}.Release|x86.ActiveCfg = Release|Win32
		{0000ACA3-B449-45ED-8223-F2855F6CEF78}.Release|x86.Build.0 = Release|Win32
	EndGlobalSection
	GlobalSection(SolutionProperties) = preSolution
		HideSolutionNode = FALSE
	EndGlobalSection
EndGlobal
