
Microsoft Visual Studio Solution File, Format Version 12.00
# Visual Studio 15
VisualStudioVersion = 15.0.27130.2027
MinimumVisualStudioVersion = 10.0.40219.1
Project("{8BC9CEB8-8B4A-11D0-8D11-00A0C91BC942}") = "telemetry", "telemetry\telemetry.vcxproj", "{8A58C357-9125-4F27-9404-9C1B27787578}"
EndProject
Project("{8BC9CEB8-8B4A-11D0-8D11-00A0C91BC942}") = "test_telemetry", "test_telemetry\test_telemetry.vcxproj", "{63366580-8585-420A-B395-BE10441997ED}"
	ProjectSection(ProjectDependencies) = postProject
		{8A58C357-9125-4F27-9404-9C1B27787578} = {8A58C357-9125-4F27-9404-9C1B27787578}
	EndProjectSection
EndProject
Global
	GlobalSection(SolutionConfigurationPlatforms) = preSolution
		Debug|x64 = Debug|x64
		Debug|x86 = Debug|x86
		Release|x64 = Release|x64
		Release|x86 = Release|x86
	EndGlobalSection
	GlobalSection(ProjectConfigurationPlatforms) = postSolution
		{8A58C357-9125-4F27-9404-9C1B27787578}.Debug|x64.ActiveCfg = Debug|x64
		{8A58C357-9125-4F27-9404-9C1B27787578}.Debug|x64.Build.0 = Debug|x64
		{8A58C357-9125-4F27-9404-9C1B27787578}.Debug|x86.ActiveCfg = Debug|Win32
		{8A58C357-9125-4F27-9404-9C1B27787578}.Debug|x86.Build.0 = Debug|Win32
		{8A58C357-9125-4F27-9404-9C1B27787578}.Release|x64.ActiveCfg = Release|x64
		{8A58C357-9125-4F27-9404-9C1B27787578}.Release|x64.Build.0 = Release|x64
		{8A58C357-9125-4F27-9404-9C1B27787578}.Release|x86.ActiveCfg = Release|Win32
		{8A58C357-9125-4F27-9404-9C1B27787578}.Release|x86.Build.0 = Release|Win32
		{63366580-8585-420A-B395-BE10441997ED}.Debug|x64.ActiveCfg = Debug|x64
		{63366580-8585-420A-B395-BE10441997ED}.Debug|x64.Build.0 = Debug|x64
		{63366580-8585-420A-B395-BE10441997ED}.Debug|x86.ActiveCfg = Debug|Win32
		{63366580-8585-420A-B395-BE10441997ED}.Debug|x86.Build.0 = Debug|Win32
		{63366580-8585-420A-B395-BE10441997ED}.Release|x64.ActiveCfg = Release|x64
		{63366580-8585-420A-B395-BE10441997ED}.Release|x64.Build.0 = Release|x64
		{63366580-8585-420A-B395-BE10441997ED}.Release|x86.ActiveCfg = Release|Win32
		{63366580-8585-420A-B395-BE10441997ED}.Release|x86.Build.0 = Release|Win32
	EndGlobalSection
	GlobalSection(SolutionProperties) = preSolution
		HideSolutionNode = FALSE
	EndGlobalSection
	GlobalSection(ExtensibilityGlobals) = postSolution
		SolutionGuid = {1E2C5442-6C1C-4A90-93D7-ED9104344F78}
	EndGlobalSection
EndGlobal
